// !$*UTF8*$!
{
	archiveVersion = 1;
	classes = {
	};
	objectVersion = 50;
	objects = {

/* Begin PBXBuildFile section */
		9A8DA136BB37BBE34859EF1C /* libPods-OrderOutTests.a in Frameworks */ = {isa = PBXBuildFile; fileRef = 6F1186DF5E06E2CACD6E7581 /* libPods-OrderOutTests.a */; };
		B4B17B1453CFBD9BCF1847BE /* libPods-OrderOut.a in Frameworks */ = {isa = PBXBuildFile; fileRef = D8EDF434211D4403430AA81C /* libPods-OrderOut.a */; };
		F310BC2424FEAE7000323058 /* Business.swift in Sources */ = {isa = PBXBuildFile; fileRef = F310BC2324FEAE7000323058 /* Business.swift */; };
		F310BC2624FEAEDF00323058 /* BaseResponse.swift in Sources */ = {isa = PBXBuildFile; fileRef = F310BC2524FEAEDF00323058 /* BaseResponse.swift */; };
		F310BC2924FEB02D00323058 /* LocationService.swift in Sources */ = {isa = PBXBuildFile; fileRef = F310BC2824FEB02D00323058 /* LocationService.swift */; };
		F310BC2B24FEB47100323058 /* OrderOutLocationService.swift in Sources */ = {isa = PBXBuildFile; fileRef = F310BC2A24FEB47100323058 /* OrderOutLocationService.swift */; };
		F310BC2F24FEF12B00323058 /* UIColor+App.swift in Sources */ = {isa = PBXBuildFile; fileRef = F310BC2E24FEF12A00323058 /* UIColor+App.swift */; };
		F310BC3124FF027C00323058 /* MapViewController.swift in Sources */ = {isa = PBXBuildFile; fileRef = F310BC3024FF027C00323058 /* MapViewController.swift */; };
		F310BC3324FF058B00323058 /* MessageView.swift in Sources */ = {isa = PBXBuildFile; fileRef = F310BC3224FF058B00323058 /* MessageView.swift */; };
		F310BC3724FF157D00323058 /* BusinessTableViewCell.swift in Sources */ = {isa = PBXBuildFile; fileRef = F310BC3624FF157D00323058 /* BusinessTableViewCell.swift */; };
		F310BC3924FF1E9D00323058 /* UIImageView+Download.swift in Sources */ = {isa = PBXBuildFile; fileRef = F310BC3824FF1E9D00323058 /* UIImageView+Download.swift */; };
		F345590024FA94E900C28DE3 /* AppDelegate.swift in Sources */ = {isa = PBXBuildFile; fileRef = F34558FF24FA94E900C28DE3 /* AppDelegate.swift */; };
		F345590224FA94E900C28DE3 /* SceneDelegate.swift in Sources */ = {isa = PBXBuildFile; fileRef = F345590124FA94E900C28DE3 /* SceneDelegate.swift */; };
		F345590424FA94E900C28DE3 /* OrderOutViewController.swift in Sources */ = {isa = PBXBuildFile; fileRef = F345590324FA94E900C28DE3 /* OrderOutViewController.swift */; };
		F345590724FA94E900C28DE3 /* Main.storyboard in Resources */ = {isa = PBXBuildFile; fileRef = F345590524FA94E900C28DE3 /* Main.storyboard */; };
		F345590924FA94EE00C28DE3 /* Assets.xcassets in Resources */ = {isa = PBXBuildFile; fileRef = F345590824FA94EE00C28DE3 /* Assets.xcassets */; };
		F345590C24FA94EE00C28DE3 /* LaunchScreen.storyboard in Resources */ = {isa = PBXBuildFile; fileRef = F345590A24FA94EE00C28DE3 /* LaunchScreen.storyboard */; };
		F345591724FA94EF00C28DE3 /* OrderOutTests.swift in Sources */ = {isa = PBXBuildFile; fileRef = F345591624FA94EF00C28DE3 /* OrderOutTests.swift */; };
		F345592424FC022D00C28DE3 /* Swinject+Storyboard.swift in Sources */ = {isa = PBXBuildFile; fileRef = F345592224FC022D00C28DE3 /* Swinject+Storyboard.swift */; };
		F345592524FC022D00C28DE3 /* AppContainer.swift in Sources */ = {isa = PBXBuildFile; fileRef = F345592324FC022D00C28DE3 /* AppContainer.swift */; };
		F345592A24FC026300C28DE3 /* Decodable+Any.swift in Sources */ = {isa = PBXBuildFile; fileRef = F345592724FC026300C28DE3 /* Decodable+Any.swift */; };
		F345592B24FC026300C28DE3 /* Date+Additions.swift in Sources */ = {isa = PBXBuildFile; fileRef = F345592824FC026300C28DE3 /* Date+Additions.swift */; };
		F345592C24FC026300C28DE3 /* UIView+DropShadow.swift in Sources */ = {isa = PBXBuildFile; fileRef = F345592924FC026300C28DE3 /* UIView+DropShadow.swift */; };
		F345592F24FC028000C28DE3 /* OrderOutViewModel.swift in Sources */ = {isa = PBXBuildFile; fileRef = F345592E24FC028000C28DE3 /* OrderOutViewModel.swift */; };
		F345593C24FC029000C28DE3 /* AppConstants.swift in Sources */ = {isa = PBXBuildFile; fileRef = F345593524FC029000C28DE3 /* AppConstants.swift */; };
		F345593D24FC029000C28DE3 /* LocationStatus.swift in Sources */ = {isa = PBXBuildFile; fileRef = F345593624FC029000C28DE3 /* LocationStatus.swift */; };
		F345594624FC272C00C28DE3 /* HTTPClientTask.swift in Sources */ = {isa = PBXBuildFile; fileRef = F345594524FC272C00C28DE3 /* HTTPClientTask.swift */; };
		F345594824FC290B00C28DE3 /* HTTPClientService.swift in Sources */ = {isa = PBXBuildFile; fileRef = F345594724FC290B00C28DE3 /* HTTPClientService.swift */; };
		F345594A24FC394100C28DE3 /* URLRequestClientService.swift in Sources */ = {isa = PBXBuildFile; fileRef = F345594924FC394100C28DE3 /* URLRequestClientService.swift */; };
		F345594C24FC4B1600C28DE3 /* OrderOutClientService.swift in Sources */ = {isa = PBXBuildFile; fileRef = F345594B24FC4B1600C28DE3 /* OrderOutClientService.swift */; };
/* End PBXBuildFile section */

/* Begin PBXContainerItemProxy section */
		F345591324FA94EF00C28DE3 /* PBXContainerItemProxy */ = {
			isa = PBXContainerItemProxy;
			containerPortal = F34558F424FA94E900C28DE3 /* Project object */;
			proxyType = 1;
			remoteGlobalIDString = F34558FB24FA94E900C28DE3;
			remoteInfo = OrderOut;
		};
/* End PBXContainerItemProxy section */

/* Begin PBXFileReference section */
		2570204CBDD6D94AB1B944B7 /* Pods-OrderOutTests.debug.xcconfig */ = {isa = PBXFileReference; includeInIndex = 1; lastKnownFileType = text.xcconfig; name = "Pods-OrderOutTests.debug.xcconfig"; path = "Target Support Files/Pods-OrderOutTests/Pods-OrderOutTests.debug.xcconfig"; sourceTree = "<group>"; };
		2E4933795A0A701A3C6B429D /* Pods-OrderOut.debug.xcconfig */ = {isa = PBXFileReference; includeInIndex = 1; lastKnownFileType = text.xcconfig; name = "Pods-OrderOut.debug.xcconfig"; path = "Target Support Files/Pods-OrderOut/Pods-OrderOut.debug.xcconfig"; sourceTree = "<group>"; };
		6476F695CFD99ECEF408A9A5 /* Pods-OrderOutTests.release.xcconfig */ = {isa = PBXFileReference; includeInIndex = 1; lastKnownFileType = text.xcconfig; name = "Pods-OrderOutTests.release.xcconfig"; path = "Target Support Files/Pods-OrderOutTests/Pods-OrderOutTests.release.xcconfig"; sourceTree = "<group>"; };
		6F1186DF5E06E2CACD6E7581 /* libPods-OrderOutTests.a */ = {isa = PBXFileReference; explicitFileType = archive.ar; includeInIndex = 0; path = "libPods-OrderOutTests.a"; sourceTree = BUILT_PRODUCTS_DIR; };
		A2B736559779C7B8CF01465C /* Pods-OrderOut.release.xcconfig */ = {isa = PBXFileReference; includeInIndex = 1; lastKnownFileType = text.xcconfig; name = "Pods-OrderOut.release.xcconfig"; path = "Target Support Files/Pods-OrderOut/Pods-OrderOut.release.xcconfig"; sourceTree = "<group>"; };
		D8EDF434211D4403430AA81C /* libPods-OrderOut.a */ = {isa = PBXFileReference; explicitFileType = archive.ar; includeInIndex = 0; path = "libPods-OrderOut.a"; sourceTree = BUILT_PRODUCTS_DIR; };
		F310BC2324FEAE7000323058 /* Business.swift */ = {isa = PBXFileReference; lastKnownFileType = sourcecode.swift; path = Business.swift; sourceTree = "<group>"; };
		F310BC2524FEAEDF00323058 /* BaseResponse.swift */ = {isa = PBXFileReference; lastKnownFileType = sourcecode.swift; path = BaseResponse.swift; sourceTree = "<group>"; };
		F310BC2824FEB02D00323058 /* LocationService.swift */ = {isa = PBXFileReference; lastKnownFileType = sourcecode.swift; path = LocationService.swift; sourceTree = "<group>"; };
		F310BC2A24FEB47100323058 /* OrderOutLocationService.swift */ = {isa = PBXFileReference; lastKnownFileType = sourcecode.swift; path = OrderOutLocationService.swift; sourceTree = "<group>"; };
		F310BC2E24FEF12A00323058 /* UIColor+App.swift */ = {isa = PBXFileReference; lastKnownFileType = sourcecode.swift; path = "UIColor+App.swift"; sourceTree = "<group>"; };
		F310BC3024FF027C00323058 /* MapViewController.swift */ = {isa = PBXFileReference; lastKnownFileType = sourcecode.swift; path = MapViewController.swift; sourceTree = "<group>"; };
		F310BC3224FF058B00323058 /* MessageView.swift */ = {isa = PBXFileReference; fileEncoding = 4; lastKnownFileType = sourcecode.swift; path = MessageView.swift; sourceTree = "<group>"; };
		F310BC3624FF157D00323058 /* BusinessTableViewCell.swift */ = {isa = PBXFileReference; lastKnownFileType = sourcecode.swift; path = BusinessTableViewCell.swift; sourceTree = "<group>"; };
		F310BC3824FF1E9D00323058 /* UIImageView+Download.swift */ = {isa = PBXFileReference; lastKnownFileType = sourcecode.swift; path = "UIImageView+Download.swift"; sourceTree = "<group>"; };
		F34558FC24FA94E900C28DE3 /* OrderOut.app */ = {isa = PBXFileReference; explicitFileType = wrapper.application; includeInIndex = 0; path = OrderOut.app; sourceTree = BUILT_PRODUCTS_DIR; };
		F34558FF24FA94E900C28DE3 /* AppDelegate.swift */ = {isa = PBXFileReference; lastKnownFileType = sourcecode.swift; path = AppDelegate.swift; sourceTree = "<group>"; };
		F345590124FA94E900C28DE3 /* SceneDelegate.swift */ = {isa = PBXFileReference; lastKnownFileType = sourcecode.swift; path = SceneDelegate.swift; sourceTree = "<group>"; };
		F345590324FA94E900C28DE3 /* OrderOutViewController.swift */ = {isa = PBXFileReference; lastKnownFileType = sourcecode.swift; path = OrderOutViewController.swift; sourceTree = "<group>"; };
		F345590624FA94E900C28DE3 /* Base */ = {isa = PBXFileReference; lastKnownFileType = file.storyboard; name = Base; path = Base.lproj/Main.storyboard; sourceTree = "<group>"; };
		F345590824FA94EE00C28DE3 /* Assets.xcassets */ = {isa = PBXFileReference; lastKnownFileType = folder.assetcatalog; path = Assets.xcassets; sourceTree = "<group>"; };
		F345590B24FA94EE00C28DE3 /* Base */ = {isa = PBXFileReference; lastKnownFileType = file.storyboard; name = Base; path = Base.lproj/LaunchScreen.storyboard; sourceTree = "<group>"; };
		F345590D24FA94EE00C28DE3 /* Info.plist */ = {isa = PBXFileReference; lastKnownFileType = text.plist.xml; path = Info.plist; sourceTree = "<group>"; };
		F345591224FA94EF00C28DE3 /* OrderOutTests.xctest */ = {isa = PBXFileReference; explicitFileType = wrapper.cfbundle; includeInIndex = 0; path = OrderOutTests.xctest; sourceTree = BUILT_PRODUCTS_DIR; };
		F345591624FA94EF00C28DE3 /* OrderOutTests.swift */ = {isa = PBXFileReference; lastKnownFileType = sourcecode.swift; path = OrderOutTests.swift; sourceTree = "<group>"; };
		F345591824FA94EF00C28DE3 /* Info.plist */ = {isa = PBXFileReference; lastKnownFileType = text.plist.xml; path = Info.plist; sourceTree = "<group>"; };
		F345592224FC022D00C28DE3 /* Swinject+Storyboard.swift */ = {isa = PBXFileReference; fileEncoding = 4; lastKnownFileType = sourcecode.swift; path = "Swinject+Storyboard.swift"; sourceTree = "<group>"; };
		F345592324FC022D00C28DE3 /* AppContainer.swift */ = {isa = PBXFileReference; fileEncoding = 4; lastKnownFileType = sourcecode.swift; path = AppContainer.swift; sourceTree = "<group>"; };
		F345592724FC026300C28DE3 /* Decodable+Any.swift */ = {isa = PBXFileReference; fileEncoding = 4; lastKnownFileType = sourcecode.swift; path = "Decodable+Any.swift"; sourceTree = "<group>"; };
		F345592824FC026300C28DE3 /* Date+Additions.swift */ = {isa = PBXFileReference; fileEncoding = 4; lastKnownFileType = sourcecode.swift; path = "Date+Additions.swift"; sourceTree = "<group>"; };
		F345592924FC026300C28DE3 /* UIView+DropShadow.swift */ = {isa = PBXFileReference; fileEncoding = 4; lastKnownFileType = sourcecode.swift; path = "UIView+DropShadow.swift"; sourceTree = "<group>"; };
		F345592E24FC028000C28DE3 /* OrderOutViewModel.swift */ = {isa = PBXFileReference; fileEncoding = 4; lastKnownFileType = sourcecode.swift; path = OrderOutViewModel.swift; sourceTree = "<group>"; };
		F345593524FC029000C28DE3 /* AppConstants.swift */ = {isa = PBXFileReference; fileEncoding = 4; lastKnownFileType = sourcecode.swift; path = AppConstants.swift; sourceTree = "<group>"; };
		F345593624FC029000C28DE3 /* LocationStatus.swift */ = {isa = PBXFileReference; fileEncoding = 4; lastKnownFileType = sourcecode.swift; path = LocationStatus.swift; sourceTree = "<group>"; };
		F345594524FC272C00C28DE3 /* HTTPClientTask.swift */ = {isa = PBXFileReference; lastKnownFileType = sourcecode.swift; path = HTTPClientTask.swift; sourceTree = "<group>"; };
		F345594724FC290B00C28DE3 /* HTTPClientService.swift */ = {isa = PBXFileReference; lastKnownFileType = sourcecode.swift; path = HTTPClientService.swift; sourceTree = "<group>"; };
		F345594924FC394100C28DE3 /* URLRequestClientService.swift */ = {isa = PBXFileReference; lastKnownFileType = sourcecode.swift; path = URLRequestClientService.swift; sourceTree = "<group>"; };
		F345594B24FC4B1600C28DE3 /* OrderOutClientService.swift */ = {isa = PBXFileReference; lastKnownFileType = sourcecode.swift; path = OrderOutClientService.swift; sourceTree = "<group>"; };
/* End PBXFileReference section */

/* Begin PBXFrameworksBuildPhase section */
		F34558F924FA94E900C28DE3 /* Frameworks */ = {
			isa = PBXFrameworksBuildPhase;
			buildActionMask = 2147483647;
			files = (
				B4B17B1453CFBD9BCF1847BE /* libPods-OrderOut.a in Frameworks */,
			);
			runOnlyForDeploymentPostprocessing = 0;
		};
		F345590F24FA94EF00C28DE3 /* Frameworks */ = {
			isa = PBXFrameworksBuildPhase;
			buildActionMask = 2147483647;
			files = (
				9A8DA136BB37BBE34859EF1C /* libPods-OrderOutTests.a in Frameworks */,
			);
			runOnlyForDeploymentPostprocessing = 0;
		};
/* End PBXFrameworksBuildPhase section */

/* Begin PBXGroup section */
		9D499CDD246F8B64FAA0D90A /* Frameworks */ = {
			isa = PBXGroup;
			children = (
				D8EDF434211D4403430AA81C /* libPods-OrderOut.a */,
				6F1186DF5E06E2CACD6E7581 /* libPods-OrderOutTests.a */,
			);
			name = Frameworks;
			sourceTree = "<group>";
		};
		E0EFAAF315350BC1E7AA4633 /* Pods */ = {
			isa = PBXGroup;
			children = (
				2E4933795A0A701A3C6B429D /* Pods-OrderOut.debug.xcconfig */,
				A2B736559779C7B8CF01465C /* Pods-OrderOut.release.xcconfig */,
				2570204CBDD6D94AB1B944B7 /* Pods-OrderOutTests.debug.xcconfig */,
				6476F695CFD99ECEF408A9A5 /* Pods-OrderOutTests.release.xcconfig */,
			);
			path = Pods;
			sourceTree = "<group>";
		};
		F310BC2724FEB00C00323058 /* Location Services */ = {
			isa = PBXGroup;
			children = (
				F310BC2824FEB02D00323058 /* LocationService.swift */,
				F345593624FC029000C28DE3 /* LocationStatus.swift */,
				F310BC2A24FEB47100323058 /* OrderOutLocationService.swift */,
			);
			path = "Location Services";
			sourceTree = "<group>";
		};
		F310BC3424FF154800323058 /* Custom Views */ = {
			isa = PBXGroup;
			children = (
				F310BC3224FF058B00323058 /* MessageView.swift */,
			);
			path = "Custom Views";
			sourceTree = "<group>";
		};
		F310BC3524FF156000323058 /* Cells */ = {
			isa = PBXGroup;
			children = (
				F310BC3624FF157D00323058 /* BusinessTableViewCell.swift */,
			);
			path = Cells;
			sourceTree = "<group>";
		};
		F34558F324FA94E900C28DE3 = {
			isa = PBXGroup;
			children = (
				F34558FE24FA94E900C28DE3 /* OrderOut */,
				F345591524FA94EF00C28DE3 /* OrderOutTests */,
				F34558FD24FA94E900C28DE3 /* Products */,
				E0EFAAF315350BC1E7AA4633 /* Pods */,
				9D499CDD246F8B64FAA0D90A /* Frameworks */,
			);
			sourceTree = "<group>";
		};
		F34558FD24FA94E900C28DE3 /* Products */ = {
			isa = PBXGroup;
			children = (
				F34558FC24FA94E900C28DE3 /* OrderOut.app */,
				F345591224FA94EF00C28DE3 /* OrderOutTests.xctest */,
			);
			name = Products;
			sourceTree = "<group>";
		};
		F34558FE24FA94E900C28DE3 /* OrderOut */ = {
			isa = PBXGroup;
			children = (
				F310BC2724FEB00C00323058 /* Location Services */,
				F345594424FC232800C28DE3 /* Network API */,
				F345594024FC0B6200C28DE3 /* Views */,
				F345593F24FC02B900C28DE3 /* Supporting Files */,
				F345593024FC029000C28DE3 /* Models */,
				F345592624FC026300C28DE3 /* Extensions */,
				F345592D24FC028000C28DE3 /* ViewModels */,
				F345592124FC022D00C28DE3 /* Dependency Injection */,
			);
			path = OrderOut;
			sourceTree = "<group>";
		};
		F345591524FA94EF00C28DE3 /* OrderOutTests */ = {
			isa = PBXGroup;
			children = (
				F345591624FA94EF00C28DE3 /* OrderOutTests.swift */,
				F345591824FA94EF00C28DE3 /* Info.plist */,
			);
			path = OrderOutTests;
			sourceTree = "<group>";
		};
		F345592124FC022D00C28DE3 /* Dependency Injection */ = {
			isa = PBXGroup;
			children = (
				F345592224FC022D00C28DE3 /* Swinject+Storyboard.swift */,
				F345592324FC022D00C28DE3 /* AppContainer.swift */,
			);
			path = "Dependency Injection";
			sourceTree = "<group>";
		};
		F345592624FC026300C28DE3 /* Extensions */ = {
			isa = PBXGroup;
			children = (
				F345592724FC026300C28DE3 /* Decodable+Any.swift */,
				F345592824FC026300C28DE3 /* Date+Additions.swift */,
				F345592924FC026300C28DE3 /* UIView+DropShadow.swift */,
				F310BC2E24FEF12A00323058 /* UIColor+App.swift */,
				F310BC3824FF1E9D00323058 /* UIImageView+Download.swift */,
			);
			path = Extensions;
			sourceTree = "<group>";
		};
		F345592D24FC028000C28DE3 /* ViewModels */ = {
			isa = PBXGroup;
			children = (
				F345592E24FC028000C28DE3 /* OrderOutViewModel.swift */,
			);
			path = ViewModels;
			sourceTree = "<group>";
		};
		F345593024FC029000C28DE3 /* Models */ = {
			isa = PBXGroup;
			children = (
				F345593524FC029000C28DE3 /* AppConstants.swift */,
				F310BC2324FEAE7000323058 /* Business.swift */,
				F310BC2524FEAEDF00323058 /* BaseResponse.swift */,
			);
			path = Models;
			sourceTree = "<group>";
		};
		F345593F24FC02B900C28DE3 /* Supporting Files */ = {
			isa = PBXGroup;
			children = (
				F34558FF24FA94E900C28DE3 /* AppDelegate.swift */,
				F345590124FA94E900C28DE3 /* SceneDelegate.swift */,
				F345590D24FA94EE00C28DE3 /* Info.plist */,
			);
			path = "Supporting Files";
			sourceTree = "<group>";
		};
		F345594024FC0B6200C28DE3 /* Views */ = {
			isa = PBXGroup;
			children = (
				F310BC3524FF156000323058 /* Cells */,
				F310BC3424FF154800323058 /* Custom Views */,
				F345594324FC0B9100C28DE3 /* Assets */,
				F345594224FC0B7A00C28DE3 /* Storyboards */,
				F345594124FC0B6A00C28DE3 /* View Controllers */,
			);
			path = Views;
			sourceTree = "<group>";
		};
		F345594124FC0B6A00C28DE3 /* View Controllers */ = {
			isa = PBXGroup;
			children = (
				F345590324FA94E900C28DE3 /* OrderOutViewController.swift */,
				F310BC3024FF027C00323058 /* MapViewController.swift */,
			);
			path = "View Controllers";
			sourceTree = "<group>";
		};
		F345594224FC0B7A00C28DE3 /* Storyboards */ = {
			isa = PBXGroup;
			children = (
				F345590524FA94E900C28DE3 /* Main.storyboard */,
				F345590A24FA94EE00C28DE3 /* LaunchScreen.storyboard */,
			);
			path = Storyboards;
			sourceTree = "<group>";
		};
		F345594324FC0B9100C28DE3 /* Assets */ = {
			isa = PBXGroup;
			children = (
				F345590824FA94EE00C28DE3 /* Assets.xcassets */,
			);
			path = Assets;
			sourceTree = "<group>";
		};
		F345594424FC232800C28DE3 /* Network API */ = {
			isa = PBXGroup;
			children = (
				F345594B24FC4B1600C28DE3 /* OrderOutClientService.swift */,
				F345594524FC272C00C28DE3 /* HTTPClientTask.swift */,
				F345594724FC290B00C28DE3 /* HTTPClientService.swift */,
				F345594924FC394100C28DE3 /* URLRequestClientService.swift */,
			);
			path = "Network API";
			sourceTree = "<group>";
		};
/* End PBXGroup section */

/* Begin PBXNativeTarget section */
		F34558FB24FA94E900C28DE3 /* OrderOut */ = {
			isa = PBXNativeTarget;
			buildConfigurationList = F345591B24FA94EF00C28DE3 /* Build configuration list for PBXNativeTarget "OrderOut" */;
			buildPhases = (
				5A0E8259F0314CECAA08AA52 /* [CP] Check Pods Manifest.lock */,
				F34558F824FA94E900C28DE3 /* Sources */,
				F34558F924FA94E900C28DE3 /* Frameworks */,
				F34558FA24FA94E900C28DE3 /* Resources */,
			);
			buildRules = (
			);
			dependencies = (
			);
			name = OrderOut;
			productName = OrderOut;
			productReference = F34558FC24FA94E900C28DE3 /* OrderOut.app */;
			productType = "com.apple.product-type.application";
		};
		F345591124FA94EF00C28DE3 /* OrderOutTests */ = {
			isa = PBXNativeTarget;
			buildConfigurationList = F345591E24FA94EF00C28DE3 /* Build configuration list for PBXNativeTarget "OrderOutTests" */;
			buildPhases = (
				9ABFE46F6B14BC69C6015AE6 /* [CP] Check Pods Manifest.lock */,
				F345590E24FA94EF00C28DE3 /* Sources */,
				F345590F24FA94EF00C28DE3 /* Frameworks */,
				F345591024FA94EF00C28DE3 /* Resources */,
			);
			buildRules = (
			);
			dependencies = (
				F345591424FA94EF00C28DE3 /* PBXTargetDependency */,
			);
			name = OrderOutTests;
			productName = OrderOutTests;
			productReference = F345591224FA94EF00C28DE3 /* OrderOutTests.xctest */;
			productType = "com.apple.product-type.bundle.unit-test";
		};
/* End PBXNativeTarget section */

/* Begin PBXProject section */
		F34558F424FA94E900C28DE3 /* Project object */ = {
			isa = PBXProject;
			attributes = {
				LastSwiftUpdateCheck = 1160;
				LastUpgradeCheck = 1160;
				ORGANIZATIONNAME = Xoliswa;
				TargetAttributes = {
					F34558FB24FA94E900C28DE3 = {
						CreatedOnToolsVersion = 11.6;
					};
					F345591124FA94EF00C28DE3 = {
						CreatedOnToolsVersion = 11.6;
						TestTargetID = F34558FB24FA94E900C28DE3;
					};
				};
			};
			buildConfigurationList = F34558F724FA94E900C28DE3 /* Build configuration list for PBXProject "OrderOut" */;
			compatibilityVersion = "Xcode 9.3";
			developmentRegion = en;
			hasScannedForEncodings = 0;
			knownRegions = (
				en,
				Base,
			);
			mainGroup = F34558F324FA94E900C28DE3;
			productRefGroup = F34558FD24FA94E900C28DE3 /* Products */;
			projectDirPath = "";
			projectRoot = "";
			targets = (
				F34558FB24FA94E900C28DE3 /* OrderOut */,
				F345591124FA94EF00C28DE3 /* OrderOutTests */,
			);
		};
/* End PBXProject section */

/* Begin PBXResourcesBuildPhase section */
		F34558FA24FA94E900C28DE3 /* Resources */ = {
			isa = PBXResourcesBuildPhase;
			buildActionMask = 2147483647;
			files = (
				F345590C24FA94EE00C28DE3 /* LaunchScreen.storyboard in Resources */,
				F345590924FA94EE00C28DE3 /* Assets.xcassets in Resources */,
				F345590724FA94E900C28DE3 /* Main.storyboard in Resources */,
			);
			runOnlyForDeploymentPostprocessing = 0;
		};
		F345591024FA94EF00C28DE3 /* Resources */ = {
			isa = PBXResourcesBuildPhase;
			buildActionMask = 2147483647;
			files = (
			);
			runOnlyForDeploymentPostprocessing = 0;
		};
/* End PBXResourcesBuildPhase section */

/* Begin PBXShellScriptBuildPhase section */
		5A0E8259F0314CECAA08AA52 /* [CP] Check Pods Manifest.lock */ = {
			isa = PBXShellScriptBuildPhase;
			buildActionMask = 2147483647;
			files = (
			);
			inputFileListPaths = (
			);
			inputPaths = (
				"${PODS_PODFILE_DIR_PATH}/Podfile.lock",
				"${PODS_ROOT}/Manifest.lock",
			);
			name = "[CP] Check Pods Manifest.lock";
			outputFileListPaths = (
			);
			outputPaths = (
				"$(DERIVED_FILE_DIR)/Pods-OrderOut-checkManifestLockResult.txt",
			);
			runOnlyForDeploymentPostprocessing = 0;
			shellPath = /bin/sh;
			shellScript = "diff \"${PODS_PODFILE_DIR_PATH}/Podfile.lock\" \"${PODS_ROOT}/Manifest.lock\" > /dev/null\nif [ $? != 0 ] ; then\n    # print error to STDERR\n    echo \"error: The sandbox is not in sync with the Podfile.lock. Run 'pod install' or update your CocoaPods installation.\" >&2\n    exit 1\nfi\n# This output is used by Xcode 'outputs' to avoid re-running this script phase.\necho \"SUCCESS\" > \"${SCRIPT_OUTPUT_FILE_0}\"\n";
			showEnvVarsInLog = 0;
		};
		9ABFE46F6B14BC69C6015AE6 /* [CP] Check Pods Manifest.lock */ = {
			isa = PBXShellScriptBuildPhase;
			buildActionMask = 2147483647;
			files = (
			);
			inputFileListPaths = (
			);
			inputPaths = (
				"${PODS_PODFILE_DIR_PATH}/Podfile.lock",
				"${PODS_ROOT}/Manifest.lock",
			);
			name = "[CP] Check Pods Manifest.lock";
			outputFileListPaths = (
			);
			outputPaths = (
				"$(DERIVED_FILE_DIR)/Pods-OrderOutTests-checkManifestLockResult.txt",
			);
			runOnlyForDeploymentPostprocessing = 0;
			shellPath = /bin/sh;
			shellScript = "diff \"${PODS_PODFILE_DIR_PATH}/Podfile.lock\" \"${PODS_ROOT}/Manifest.lock\" > /dev/null\nif [ $? != 0 ] ; then\n    # print error to STDERR\n    echo \"error: The sandbox is not in sync with the Podfile.lock. Run 'pod install' or update your CocoaPods installation.\" >&2\n    exit 1\nfi\n# This output is used by Xcode 'outputs' to avoid re-running this script phase.\necho \"SUCCESS\" > \"${SCRIPT_OUTPUT_FILE_0}\"\n";
			showEnvVarsInLog = 0;
		};
/* End PBXShellScriptBuildPhase section */

/* Begin PBXSourcesBuildPhase section */
		F34558F824FA94E900C28DE3 /* Sources */ = {
			isa = PBXSourcesBuildPhase;
			buildActionMask = 2147483647;
			files = (
				F345592A24FC026300C28DE3 /* Decodable+Any.swift in Sources */,
				F345592F24FC028000C28DE3 /* OrderOutViewModel.swift in Sources */,
				F345594A24FC394100C28DE3 /* URLRequestClientService.swift in Sources */,
				F345592C24FC026300C28DE3 /* UIView+DropShadow.swift in Sources */,
				F345590424FA94E900C28DE3 /* OrderOutViewController.swift in Sources */,
				F310BC2424FEAE7000323058 /* Business.swift in Sources */,
				F310BC3324FF058B00323058 /* MessageView.swift in Sources */,
				F345590024FA94E900C28DE3 /* AppDelegate.swift in Sources */,
				F345593D24FC029000C28DE3 /* LocationStatus.swift in Sources */,
				F310BC2624FEAEDF00323058 /* BaseResponse.swift in Sources */,
				F345594624FC272C00C28DE3 /* HTTPClientTask.swift in Sources */,
				F345592524FC022D00C28DE3 /* AppContainer.swift in Sources */,
				F310BC3924FF1E9D00323058 /* UIImageView+Download.swift in Sources */,
				F345590224FA94E900C28DE3 /* SceneDelegate.swift in Sources */,
				F345594824FC290B00C28DE3 /* HTTPClientService.swift in Sources */,
				F310BC3124FF027C00323058 /* MapViewController.swift in Sources */,
				F345594C24FC4B1600C28DE3 /* OrderOutClientService.swift in Sources */,
				F345592B24FC026300C28DE3 /* Date+Additions.swift in Sources */,
				F345593C24FC029000C28DE3 /* AppConstants.swift in Sources */,
				F310BC2B24FEB47100323058 /* OrderOutLocationService.swift in Sources */,
				F310BC3724FF157D00323058 /* BusinessTableViewCell.swift in Sources */,
				F310BC2924FEB02D00323058 /* LocationService.swift in Sources */,
				F345592424FC022D00C28DE3 /* Swinject+Storyboard.swift in Sources */,
				F310BC2F24FEF12B00323058 /* UIColor+App.swift in Sources */,
			);
			runOnlyForDeploymentPostprocessing = 0;
		};
		F345590E24FA94EF00C28DE3 /* Sources */ = {
			isa = PBXSourcesBuildPhase;
			buildActionMask = 2147483647;
			files = (
				F345591724FA94EF00C28DE3 /* OrderOutTests.swift in Sources */,
			);
			runOnlyForDeploymentPostprocessing = 0;
		};
/* End PBXSourcesBuildPhase section */

/* Begin PBXTargetDependency section */
		F345591424FA94EF00C28DE3 /* PBXTargetDependency */ = {
			isa = PBXTargetDependency;
			target = F34558FB24FA94E900C28DE3 /* OrderOut */;
			targetProxy = F345591324FA94EF00C28DE3 /* PBXContainerItemProxy */;
		};
/* End PBXTargetDependency section */

/* Begin PBXVariantGroup section */
		F345590524FA94E900C28DE3 /* Main.storyboard */ = {
			isa = PBXVariantGroup;
			children = (
				F345590624FA94E900C28DE3 /* Base */,
			);
			name = Main.storyboard;
			sourceTree = "<group>";
		};
		F345590A24FA94EE00C28DE3 /* LaunchScreen.storyboard */ = {
			isa = PBXVariantGroup;
			children = (
				F345590B24FA94EE00C28DE3 /* Base */,
			);
			name = LaunchScreen.storyboard;
			sourceTree = "<group>";
		};
/* End PBXVariantGroup section */

/* Begin XCBuildConfiguration section */
		F345591924FA94EF00C28DE3 /* Debug */ = {
			isa = XCBuildConfiguration;
			buildSettings = {
				ALWAYS_SEARCH_USER_PATHS = NO;
				CLANG_ANALYZER_NONNULL = YES;
				CLANG_ANALYZER_NUMBER_OBJECT_CONVERSION = YES_AGGRESSIVE;
				CLANG_CXX_LANGUAGE_STANDARD = "gnu++14";
				CLANG_CXX_LIBRARY = "libc++";
				CLANG_ENABLE_MODULES = YES;
				CLANG_ENABLE_OBJC_ARC = YES;
				CLANG_ENABLE_OBJC_WEAK = YES;
				CLANG_WARN_BLOCK_CAPTURE_AUTORELEASING = YES;
				CLANG_WARN_BOOL_CONVERSION = YES;
				CLANG_WARN_COMMA = YES;
				CLANG_WARN_CONSTANT_CONVERSION = YES;
				CLANG_WARN_DEPRECATED_OBJC_IMPLEMENTATIONS = YES;
				CLANG_WARN_DIRECT_OBJC_ISA_USAGE = YES_ERROR;
				CLANG_WARN_DOCUMENTATION_COMMENTS = YES;
				CLANG_WARN_EMPTY_BODY = YES;
				CLANG_WARN_ENUM_CONVERSION = YES;
				CLANG_WARN_INFINITE_RECURSION = YES;
				CLANG_WARN_INT_CONVERSION = YES;
				CLANG_WARN_NON_LITERAL_NULL_CONVERSION = YES;
				CLANG_WARN_OBJC_IMPLICIT_RETAIN_SELF = YES;
				CLANG_WARN_OBJC_LITERAL_CONVERSION = YES;
				CLANG_WARN_OBJC_ROOT_CLASS = YES_ERROR;
				CLANG_WARN_RANGE_LOOP_ANALYSIS = YES;
				CLANG_WARN_STRICT_PROTOTYPES = YES;
				CLANG_WARN_SUSPICIOUS_MOVE = YES;
				CLANG_WARN_UNGUARDED_AVAILABILITY = YES_AGGRESSIVE;
				CLANG_WARN_UNREACHABLE_CODE = YES;
				CLANG_WARN__DUPLICATE_METHOD_MATCH = YES;
				COPY_PHASE_STRIP = NO;
				DEBUG_INFORMATION_FORMAT = dwarf;
				ENABLE_STRICT_OBJC_MSGSEND = YES;
				ENABLE_TESTABILITY = YES;
				GCC_C_LANGUAGE_STANDARD = gnu11;
				GCC_DYNAMIC_NO_PIC = NO;
				GCC_NO_COMMON_BLOCKS = YES;
				GCC_OPTIMIZATION_LEVEL = 0;
				GCC_PREPROCESSOR_DEFINITIONS = (
					"DEBUG=1",
					"$(inherited)",
				);
				GCC_WARN_64_TO_32_BIT_CONVERSION = YES;
				GCC_WARN_ABOUT_RETURN_TYPE = YES_ERROR;
				GCC_WARN_UNDECLARED_SELECTOR = YES;
				GCC_WARN_UNINITIALIZED_AUTOS = YES_AGGRESSIVE;
				GCC_WARN_UNUSED_FUNCTION = YES;
				GCC_WARN_UNUSED_VARIABLE = YES;
				IPHONEOS_DEPLOYMENT_TARGET = 13.6;
				MTL_ENABLE_DEBUG_INFO = INCLUDE_SOURCE;
				MTL_FAST_MATH = YES;
				ONLY_ACTIVE_ARCH = YES;
				SDKROOT = iphoneos;
				SWIFT_ACTIVE_COMPILATION_CONDITIONS = DEBUG;
				SWIFT_OPTIMIZATION_LEVEL = "-Onone";
			};
			name = Debug;
		};
		F345591A24FA94EF00C28DE3 /* Release */ = {
			isa = XCBuildConfiguration;
			buildSettings = {
				ALWAYS_SEARCH_USER_PATHS = NO;
				CLANG_ANALYZER_NONNULL = YES;
				CLANG_ANALYZER_NUMBER_OBJECT_CONVERSION = YES_AGGRESSIVE;
				CLANG_CXX_LANGUAGE_STANDARD = "gnu++14";
				CLANG_CXX_LIBRARY = "libc++";
				CLANG_ENABLE_MODULES = YES;
				CLANG_ENABLE_OBJC_ARC = YES;
				CLANG_ENABLE_OBJC_WEAK = YES;
				CLANG_WARN_BLOCK_CAPTURE_AUTORELEASING = YES;
				CLANG_WARN_BOOL_CONVERSION = YES;
				CLANG_WARN_COMMA = YES;
				CLANG_WARN_CONSTANT_CONVERSION = YES;
				CLANG_WARN_DEPRECATED_OBJC_IMPLEMENTATIONS = YES;
				CLANG_WARN_DIRECT_OBJC_ISA_USAGE = YES_ERROR;
				CLANG_WARN_DOCUMENTATION_COMMENTS = YES;
				CLANG_WARN_EMPTY_BODY = YES;
				CLANG_WARN_ENUM_CONVERSION = YES;
				CLANG_WARN_INFINITE_RECURSION = YES;
				CLANG_WARN_INT_CONVERSION = YES;
				CLANG_WARN_NON_LITERAL_NULL_CONVERSION = YES;
				CLANG_WARN_OBJC_IMPLICIT_RETAIN_SELF = YES;
				CLANG_WARN_OBJC_LITERAL_CONVERSION = YES;
				CLANG_WARN_OBJC_ROOT_CLASS = YES_ERROR;
				CLANG_WARN_RANGE_LOOP_ANALYSIS = YES;
				CLANG_WARN_STRICT_PROTOTYPES = YES;
				CLANG_WARN_SUSPICIOUS_MOVE = YES;
				CLANG_WARN_UNGUARDED_AVAILABILITY = YES_AGGRESSIVE;
				CLANG_WARN_UNREACHABLE_CODE = YES;
				CLANG_WARN__DUPLICATE_METHOD_MATCH = YES;
				COPY_PHASE_STRIP = NO;
				DEBUG_INFORMATION_FORMAT = "dwarf-with-dsym";
				ENABLE_NS_ASSERTIONS = NO;
				ENABLE_STRICT_OBJC_MSGSEND = YES;
				GCC_C_LANGUAGE_STANDARD = gnu11;
				GCC_NO_COMMON_BLOCKS = YES;
				GCC_WARN_64_TO_32_BIT_CONVERSION = YES;
				GCC_WARN_ABOUT_RETURN_TYPE = YES_ERROR;
				GCC_WARN_UNDECLARED_SELECTOR = YES;
				GCC_WARN_UNINITIALIZED_AUTOS = YES_AGGRESSIVE;
				GCC_WARN_UNUSED_FUNCTION = YES;
				GCC_WARN_UNUSED_VARIABLE = YES;
				IPHONEOS_DEPLOYMENT_TARGET = 13.6;
				MTL_ENABLE_DEBUG_INFO = NO;
				MTL_FAST_MATH = YES;
				SDKROOT = iphoneos;
				SWIFT_COMPILATION_MODE = wholemodule;
				SWIFT_OPTIMIZATION_LEVEL = "-O";
				VALIDATE_PRODUCT = YES;
			};
			name = Release;
		};
		F345591C24FA94EF00C28DE3 /* Debug */ = {
			isa = XCBuildConfiguration;
			baseConfigurationReference = 2E4933795A0A701A3C6B429D /* Pods-OrderOut.debug.xcconfig */;
			buildSettings = {
				ASSETCATALOG_COMPILER_APPICON_NAME = AppIcon;
				CODE_SIGN_STYLE = Automatic;
				DEVELOPMENT_TEAM = 48DF9Q34LN;
				INFOPLIST_FILE = "$(SRCROOT)/OrderOut/Supporting Files/Info.plist";
				IPHONEOS_DEPLOYMENT_TARGET = 13.0;
				LD_RUNPATH_SEARCH_PATHS = (
					"$(inherited)",
					"@executable_path/Frameworks",
				);
				PRODUCT_BUNDLE_IDENTIFIER = com.xoliswa.OrderOut;
				PRODUCT_NAME = "$(TARGET_NAME)";
				SWIFT_VERSION = 5.0;
				TARGETED_DEVICE_FAMILY = "1,2";
			};
			name = Debug;
		};
		F345591D24FA94EF00C28DE3 /* Release */ = {
			isa = XCBuildConfiguration;
			baseConfigurationReference = A2B736559779C7B8CF01465C /* Pods-OrderOut.release.xcconfig */;
			buildSettings = {
				ASSETCATALOG_COMPILER_APPICON_NAME = AppIcon;
				CODE_SIGN_STYLE = Automatic;
				DEVELOPMENT_TEAM = 48DF9Q34LN;
				INFOPLIST_FILE = "$(SRCROOT)/OrderOut/Supporting Files/Info.plist";
				IPHONEOS_DEPLOYMENT_TARGET = 13.0;
				LD_RUNPATH_SEARCH_PATHS = (
					"$(inherited)",
					"@executable_path/Frameworks",
				);
				PRODUCT_BUNDLE_IDENTIFIER = com.xoliswa.OrderOut;
				PRODUCT_NAME = "$(TARGET_NAME)";
				SWIFT_VERSION = 5.0;
				TARGETED_DEVICE_FAMILY = "1,2";
			};
			name = Release;
		};
		F345591F24FA94EF00C28DE3 /* Debug */ = {
			isa = XCBuildConfiguration;
			baseConfigurationReference = 2570204CBDD6D94AB1B944B7 /* Pods-OrderOutTests.debug.xcconfig */;
			buildSettings = {
				ALWAYS_EMBED_SWIFT_STANDARD_LIBRARIES = YES;
				BUNDLE_LOADER = "$(TEST_HOST)";
				CODE_SIGN_STYLE = Automatic;
				DEVELOPMENT_TEAM = 48DF9Q34LN;
				INFOPLIST_FILE = OrderOutTests/Info.plist;
				IPHONEOS_DEPLOYMENT_TARGET = 13.6;
				LD_RUNPATH_SEARCH_PATHS = (
					"$(inherited)",
					"@executable_path/Frameworks",
					"@loader_path/Frameworks",
				);
				PRODUCT_BUNDLE_IDENTIFIER = com.xoliswa.OrderOutTests;
				PRODUCT_NAME = "$(TARGET_NAME)";
				SWIFT_VERSION = 5.0;
				TARGETED_DEVICE_FAMILY = "1,2";
				TEST_HOST = "$(BUILT_PRODUCTS_DIR)/OrderOut.app/OrderOut";
			};
			name = Debug;
		};
		F345592024FA94EF00C28DE3 /* Release */ = {
			isa = XCBuildConfiguration;
			baseConfigurationReference = 6476F695CFD99ECEF408A9A5 /* Pods-OrderOutTests.release.xcconfig */;
			buildSettings = {
				ALWAYS_EMBED_SWIFT_STANDARD_LIBRARIES = YES;
				BUNDLE_LOADER = "$(TEST_HOST)";
				CODE_SIGN_STYLE = Automatic;
				DEVELOPMENT_TEAM = 48DF9Q34LN;
				INFOPLIST_FILE = OrderOutTests/Info.plist;
				IPHONEOS_DEPLOYMENT_TARGET = 13.6;
				LD_RUNPATH_SEARCH_PATHS = (
					"$(inherited)",
					"@executable_path/Frameworks",
					"@loader_path/Frameworks",
				);
				PRODUCT_BUNDLE_IDENTIFIER = com.xoliswa.OrderOutTests;
				PRODUCT_NAME = "$(TARGET_NAME)";
				SWIFT_VERSION = 5.0;
				TARGETED_DEVICE_FAMILY = "1,2";
				TEST_HOST = "$(BUILT_PRODUCTS_DIR)/OrderOut.app/OrderOut";
			};
			name = Release;
		};
/* End XCBuildConfiguration section */

/* Begin XCConfigurationList section */
		F34558F724FA94E900C28DE3 /* Build configuration list for PBXProject "OrderOut" */ = {
			isa = XCConfigurationList;
			buildConfigurations = (
				F345591924FA94EF00C28DE3 /* Debug */,
				F345591A24FA94EF00C28DE3 /* Release */,
			);
			defaultConfigurationIsVisible = 0;
			defaultConfigurationName = Release;
		};
		F345591B24FA94EF00C28DE3 /* Build configuration list for PBXNativeTarget "OrderOut" */ = {
			isa = XCConfigurationList;
			buildConfigurations = (
				F345591C24FA94EF00C28DE3 /* Debug */,
				F345591D24FA94EF00C28DE3 /* Release */,
			);
			defaultConfigurationIsVisible = 0;
			defaultConfigurationName = Release;
		};
		F345591E24FA94EF00C28DE3 /* Build configuration list for PBXNativeTarget "OrderOutTests" */ = {
			isa = XCConfigurationList;
			buildConfigurations = (
				F345591F24FA94EF00C28DE3 /* Debug */,
				F345592024FA94EF00C28DE3 /* Release */,
			);
			defaultConfigurationIsVisible = 0;
			defaultConfigurationName = Release;
		};
/* End XCConfigurationList section */
	};
	rootObject = F34558F424FA94E900C28DE3 /* Project object */;
}
